
Microsoft Visual Studio Solution File, Format Version 12.00
# Visual Studio Version 17
VisualStudioVersion = 17.5.33516.290
MinimumVisualStudioVersion = 10.0.40219.1
Project("{9A19103F-16F7-4668-BE54-9A1E7A4F7556}") = "RailwayManagerApi", "RailwayManagerApi\RailwayManagerApi.csproj", "{B384DCB8-27D2-4192-9A3F-0C0BFF9C1D18}"
EndProject
Project("{FAE04EC0-301F-11D3-BF4B-00C04F79EFBC}") = "DataAccess", "DataAccess\DataAccess.csproj", "{31C01F06-F236-4535-8021-D8855A9A44F6}"
EndProject
Project("{FAE04EC0-301F-11D3-BF4B-00C04F79EFBC}") = "Domain", "Domain\Domain.csproj", "{FA80AE05-E912-49F0-8F68-AE42C861524D}"
EndProject
Global
	GlobalSection(SolutionConfigurationPlatforms) = preSolution
		Debug|Any CPU = Debug|Any CPU
		Release|Any CPU = Release|Any CPU
	EndGlobalSection
	GlobalSection(ProjectConfigurationPlatforms) = postSolution
		{B384DCB8-27D2-4192-9A3F-0C0BFF9C1D18}.Debug|Any CPU.ActiveCfg = Debug|Any CPU
		{B384DCB8-27D2-4192-9A3F-0C0BFF9C1D18}.Debug|Any CPU.Build.0 = Debug|Any CPU
		{B384DCB8-27D2-4192-9A3F-0C0BFF9C1D18}.Release|Any CPU.ActiveCfg = Release|Any CPU
		{B384DCB8-27D2-4192-9A3F-0C0BFF9C1D18}.Release|Any CPU.Build.0 = Release|Any CPU
		{31C01F06-F236-4535-8021-D8855A9A44F6}.Debug|Any CPU.ActiveCfg = Debug|Any CPU
		{31C01F06-F236-4535-8021-D8855A9A44F6}.Debug|Any CPU.Build.0 = Debug|Any CPU
		{31C01F06-F236-4535-8021-D8855A9A44F6}.Release|Any CPU.ActiveCfg = Release|Any CPU
		{31C01F06-F236-4535-8021-D8855A9A44F6}.Release|Any CPU.Build.0 = Release|Any CPU
		{FA80AE05-E912-49F0-8F68-AE42C861524D}.Debug|Any CPU.ActiveCfg = Debug|Any CPU
		{FA80AE05-E912-49F0-8F68-AE42C861524D}.Debug|Any CPU.Build.0 = Debug|Any CPU
		{FA80AE05-E912-49F0-8F68-AE42C861524D}.Release|Any CPU.ActiveCfg = Release|Any CPU
		{FA80AE05-E912-49F0-8F68-AE42C861524D}.Release|Any CPU.Build.0 = Release|Any CPU
	EndGlobalSection
	GlobalSection(SolutionProperties) = preSolution
		HideSolutionNode = FALSE
	EndGlobalSection
	GlobalSection(ExtensibilityGlobals) = postSolution
		SolutionGuid = {F0F4F597-DB39-495F-9771-5A079942D651}
	EndGlobalSection
EndGlobal
