
Microsoft Visual Studio Solution File, Format Version 12.00
# Visual Studio Version 17
VisualStudioVersion = 17.5.33516.290
MinimumVisualStudioVersion = 10.0.40219.1
Project("{9A19103F-16F7-4668-BE54-9A1E7A4F7556}") = "RailwayManagerApi", "RailwayManagerApi\RailwayManagerApi.csproj", "{B384DCB8-27D2-4192-9A3F-0C0BFF9C1D18}"
EndProject
Project("{2150E333-8FDC-42A3-9474-1A3956D46DE8}") = "DataAccess", "DataAccess", "{ED993C34-06C7-4AD1-878F-9F4C608D1881}"
EndProject
Project("{2150E333-8FDC-42A3-9474-1A3956D46DE8}") = "Domain", "Domain", "{6F8F1C5E-D056-44FF-AA70-AB6AF50E5B0A}"
EndProject
Project("{9A19103F-16F7-4668-BE54-9A1E7A4F7556}") = "DataAccess.Bootstrap", "DataAccess.Bootstrap\DataAccess.Bootstrap.csproj", "{23673F7E-4EE9-4AA1-B125-0604EA85916F}"
EndProject
Project("{9A19103F-16F7-4668-BE54-9A1E7A4F7556}") = "DataAccess.Contracts", "DataAccess.Contracts\DataAccess.Contracts.csproj", "{FA8B393F-D090-419A-BACB-25016124A984}"
EndProject
Project("{9A19103F-16F7-4668-BE54-9A1E7A4F7556}") = "DataAccess.Database", "DataAccess.Database\DataAccess.Database.csproj", "{AF111401-9D95-419B-A1EC-A0C61764264E}"
EndProject
Project("{9A19103F-16F7-4668-BE54-9A1E7A4F7556}") = "DataAccess.Implementations", "DataAccess.Implementations\DataAccess.Implementations.csproj", "{E9821C61-E577-4A9E-B124-9277CEE00474}"
EndProject
Project("{9A19103F-16F7-4668-BE54-9A1E7A4F7556}") = "Domain.Bootstrap", "Domain.Bootstrap\Domain.Bootstrap.csproj", "{6AE5FDB6-A8D6-48B9-89A5-B4F00BC08E9C}"
EndProject
Project("{9A19103F-16F7-4668-BE54-9A1E7A4F7556}") = "Domain.Contracts", "Domain.Contracts\Domain.Contracts.csproj", "{1DD169A4-EB0D-43DA-ADD7-0342520EF1A0}"
EndProject
Project("{9A19103F-16F7-4668-BE54-9A1E7A4F7556}") = "Domain.Implementations", "Domain.Implementations\Domain.Implementations.csproj", "{6DB83FD2-28D4-4FB4-A24D-390D685A0EC7}"
EndProject
Project("{2150E333-8FDC-42A3-9474-1A3956D46DE8}") = "Libraries", "Libraries", "{13700E31-D53D-4A5D-BC7E-07A3437178E5}"
EndProject
Project("{9A19103F-16F7-4668-BE54-9A1E7A4F7556}") = "Libraries.Exceptions", "Libraries.Exceptions\Libraries.Exceptions.csproj", "{214F12D8-7B01-4013-9A64-34AF3E5BEDF7}"
EndProject
Project("{9A19103F-16F7-4668-BE54-9A1E7A4F7556}") = "Libraries.Infrastructure", "Libraries.Infrastructure\Libraries.Infrastructure.csproj", "{36BB8D32-C8CC-4E67-9E1E-7C0AD56E4BE3}"
EndProject
Project("{9A19103F-16F7-4668-BE54-9A1E7A4F7556}") = "Libraries.Shared", "Libraries.Shared\Libraries.Shared.csproj", "{FA514FCE-6999-47AA-ABA9-E33BEA04880B}"
EndProject
Project("{9A19103F-16F7-4668-BE54-9A1E7A4F7556}") = "Libraries.PasswordManager", "Libraries.PasswordManager\Libraries.PasswordManager.csproj", "{6EE995CE-909C-4899-AA4E-35C6EF2CCF5E}"
EndProject
Project("{9A19103F-16F7-4668-BE54-9A1E7A4F7556}") = "RailwayManagerBlazor", "RailwayManagerBlazor\RailwayManagerBlazor.csproj", "{E1F1CBD3-8432-49A0-85F1-59147DDB2791}"
EndProject
Project("{9A19103F-16F7-4668-BE54-9A1E7A4F7556}") = "Libraries.JWTTokenManager", "Libraries.JWTTokenManager\Libraries.JWTTokenManager.csproj", "{464E9B6E-9B36-4F71-A21D-5C5064D524A8}"
EndProject
Global
	GlobalSection(SolutionConfigurationPlatforms) = preSolution
		Debug|Any CPU = Debug|Any CPU
		Release|Any CPU = Release|Any CPU
	EndGlobalSection
	GlobalSection(ProjectConfigurationPlatforms) = postSolution
		{B384DCB8-27D2-4192-9A3F-0C0BFF9C1D18}.Debug|Any CPU.ActiveCfg = Debug|Any CPU
		{B384DCB8-27D2-4192-9A3F-0C0BFF9C1D18}.Debug|Any CPU.Build.0 = Debug|Any CPU
		{B384DCB8-27D2-4192-9A3F-0C0BFF9C1D18}.Release|Any CPU.ActiveCfg = Release|Any CPU
		{B384DCB8-27D2-4192-9A3F-0C0BFF9C1D18}.Release|Any CPU.Build.0 = Release|Any CPU
		{23673F7E-4EE9-4AA1-B125-0604EA85916F}.Debug|Any CPU.ActiveCfg = Debug|Any CPU
		{23673F7E-4EE9-4AA1-B125-0604EA85916F}.Debug|Any CPU.Build.0 = Debug|Any CPU
		{23673F7E-4EE9-4AA1-B125-0604EA85916F}.Release|Any CPU.ActiveCfg = Release|Any CPU
		{23673F7E-4EE9-4AA1-B125-0604EA85916F}.Release|Any CPU.Build.0 = Release|Any CPU
		{FA8B393F-D090-419A-BACB-25016124A984}.Debug|Any CPU.ActiveCfg = Debug|Any CPU
		{FA8B393F-D090-419A-BACB-25016124A984}.Debug|Any CPU.Build.0 = Debug|Any CPU
		{FA8B393F-D090-419A-BACB-25016124A984}.Release|Any CPU.ActiveCfg = Release|Any CPU
		{FA8B393F-D090-419A-BACB-25016124A984}.Release|Any CPU.Build.0 = Release|Any CPU
		{AF111401-9D95-419B-A1EC-A0C61764264E}.Debug|Any CPU.ActiveCfg = Debug|Any CPU
		{AF111401-9D95-419B-A1EC-A0C61764264E}.Debug|Any CPU.Build.0 = Debug|Any CPU
		{AF111401-9D95-419B-A1EC-A0C61764264E}.Release|Any CPU.ActiveCfg = Release|Any CPU
		{AF111401-9D95-419B-A1EC-A0C61764264E}.Release|Any CPU.Build.0 = Release|Any CPU
		{E9821C61-E577-4A9E-B124-9277CEE00474}.Debug|Any CPU.ActiveCfg = Debug|Any CPU
		{E9821C61-E577-4A9E-B124-9277CEE00474}.Debug|Any CPU.Build.0 = Debug|Any CPU
		{E9821C61-E577-4A9E-B124-9277CEE00474}.Release|Any CPU.ActiveCfg = Release|Any CPU
		{E9821C61-E577-4A9E-B124-9277CEE00474}.Release|Any CPU.Build.0 = Release|Any CPU
		{6AE5FDB6-A8D6-48B9-89A5-B4F00BC08E9C}.Debug|Any CPU.ActiveCfg = Debug|Any CPU
		{6AE5FDB6-A8D6-48B9-89A5-B4F00BC08E9C}.Debug|Any CPU.Build.0 = Debug|Any CPU
		{6AE5FDB6-A8D6-48B9-89A5-B4F00BC08E9C}.Release|Any CPU.ActiveCfg = Release|Any CPU
		{6AE5FDB6-A8D6-48B9-89A5-B4F00BC08E9C}.Release|Any CPU.Build.0 = Release|Any CPU
		{1DD169A4-EB0D-43DA-ADD7-0342520EF1A0}.Debug|Any CPU.ActiveCfg = Debug|Any CPU
		{1DD169A4-EB0D-43DA-ADD7-0342520EF1A0}.Debug|Any CPU.Build.0 = Debug|Any CPU
		{1DD169A4-EB0D-43DA-ADD7-0342520EF1A0}.Release|Any CPU.ActiveCfg = Release|Any CPU
		{1DD169A4-EB0D-43DA-ADD7-0342520EF1A0}.Release|Any CPU.Build.0 = Release|Any CPU
		{6DB83FD2-28D4-4FB4-A24D-390D685A0EC7}.Debug|Any CPU.ActiveCfg = Debug|Any CPU
		{6DB83FD2-28D4-4FB4-A24D-390D685A0EC7}.Debug|Any CPU.Build.0 = Debug|Any CPU
		{6DB83FD2-28D4-4FB4-A24D-390D685A0EC7}.Release|Any CPU.ActiveCfg = Release|Any CPU
		{6DB83FD2-28D4-4FB4-A24D-390D685A0EC7}.Release|Any CPU.Build.0 = Release|Any CPU
		{214F12D8-7B01-4013-9A64-34AF3E5BEDF7}.Debug|Any CPU.ActiveCfg = Debug|Any CPU
		{214F12D8-7B01-4013-9A64-34AF3E5BEDF7}.Debug|Any CPU.Build.0 = Debug|Any CPU
		{214F12D8-7B01-4013-9A64-34AF3E5BEDF7}.Release|Any CPU.ActiveCfg = Release|Any CPU
		{214F12D8-7B01-4013-9A64-34AF3E5BEDF7}.Release|Any CPU.Build.0 = Release|Any CPU
		{36BB8D32-C8CC-4E67-9E1E-7C0AD56E4BE3}.Debug|Any CPU.ActiveCfg = Debug|Any CPU
		{36BB8D32-C8CC-4E67-9E1E-7C0AD56E4BE3}.Debug|Any CPU.Build.0 = Debug|Any CPU
		{36BB8D32-C8CC-4E67-9E1E-7C0AD56E4BE3}.Release|Any CPU.ActiveCfg = Release|Any CPU
		{36BB8D32-C8CC-4E67-9E1E-7C0AD56E4BE3}.Release|Any CPU.Build.0 = Release|Any CPU
		{FA514FCE-6999-47AA-ABA9-E33BEA04880B}.Debug|Any CPU.ActiveCfg = Debug|Any CPU
		{FA514FCE-6999-47AA-ABA9-E33BEA04880B}.Debug|Any CPU.Build.0 = Debug|Any CPU
		{FA514FCE-6999-47AA-ABA9-E33BEA04880B}.Release|Any CPU.ActiveCfg = Release|Any CPU
		{FA514FCE-6999-47AA-ABA9-E33BEA04880B}.Release|Any CPU.Build.0 = Release|Any CPU
		{6EE995CE-909C-4899-AA4E-35C6EF2CCF5E}.Debug|Any CPU.ActiveCfg = Debug|Any CPU
		{6EE995CE-909C-4899-AA4E-35C6EF2CCF5E}.Debug|Any CPU.Build.0 = Debug|Any CPU
		{6EE995CE-909C-4899-AA4E-35C6EF2CCF5E}.Release|Any CPU.ActiveCfg = Release|Any CPU
		{6EE995CE-909C-4899-AA4E-35C6EF2CCF5E}.Release|Any CPU.Build.0 = Release|Any CPU
		{E1F1CBD3-8432-49A0-85F1-59147DDB2791}.Debug|Any CPU.ActiveCfg = Debug|Any CPU
		{E1F1CBD3-8432-49A0-85F1-59147DDB2791}.Debug|Any CPU.Build.0 = Debug|Any CPU
		{E1F1CBD3-8432-49A0-85F1-59147DDB2791}.Release|Any CPU.ActiveCfg = Release|Any CPU
		{E1F1CBD3-8432-49A0-85F1-59147DDB2791}.Release|Any CPU.Build.0 = Release|Any CPU
		{464E9B6E-9B36-4F71-A21D-5C5064D524A8}.Debug|Any CPU.ActiveCfg = Debug|Any CPU
		{464E9B6E-9B36-4F71-A21D-5C5064D524A8}.Debug|Any CPU.Build.0 = Debug|Any CPU
		{464E9B6E-9B36-4F71-A21D-5C5064D524A8}.Release|Any CPU.ActiveCfg = Release|Any CPU
		{464E9B6E-9B36-4F71-A21D-5C5064D524A8}.Release|Any CPU.Build.0 = Release|Any CPU
	EndGlobalSection
	GlobalSection(SolutionProperties) = preSolution
		HideSolutionNode = FALSE
	EndGlobalSection
	GlobalSection(NestedProjects) = preSolution
		{23673F7E-4EE9-4AA1-B125-0604EA85916F} = {ED993C34-06C7-4AD1-878F-9F4C608D1881}
		{FA8B393F-D090-419A-BACB-25016124A984} = {ED993C34-06C7-4AD1-878F-9F4C608D1881}
		{AF111401-9D95-419B-A1EC-A0C61764264E} = {ED993C34-06C7-4AD1-878F-9F4C608D1881}
		{E9821C61-E577-4A9E-B124-9277CEE00474} = {ED993C34-06C7-4AD1-878F-9F4C608D1881}
		{6AE5FDB6-A8D6-48B9-89A5-B4F00BC08E9C} = {6F8F1C5E-D056-44FF-AA70-AB6AF50E5B0A}
		{1DD169A4-EB0D-43DA-ADD7-0342520EF1A0} = {6F8F1C5E-D056-44FF-AA70-AB6AF50E5B0A}
		{6DB83FD2-28D4-4FB4-A24D-390D685A0EC7} = {6F8F1C5E-D056-44FF-AA70-AB6AF50E5B0A}
		{214F12D8-7B01-4013-9A64-34AF3E5BEDF7} = {13700E31-D53D-4A5D-BC7E-07A3437178E5}
		{36BB8D32-C8CC-4E67-9E1E-7C0AD56E4BE3} = {13700E31-D53D-4A5D-BC7E-07A3437178E5}
		{FA514FCE-6999-47AA-ABA9-E33BEA04880B} = {13700E31-D53D-4A5D-BC7E-07A3437178E5}
		{6EE995CE-909C-4899-AA4E-35C6EF2CCF5E} = {13700E31-D53D-4A5D-BC7E-07A3437178E5}
		{464E9B6E-9B36-4F71-A21D-5C5064D524A8} = {13700E31-D53D-4A5D-BC7E-07A3437178E5}
	EndGlobalSection
	GlobalSection(ExtensibilityGlobals) = postSolution
		SolutionGuid = {F0F4F597-DB39-495F-9771-5A079942D651}
	EndGlobalSection
EndGlobal
